
Microsoft Visual Studio Solution File, Format Version 12.00
# Visual Studio Version 16
VisualStudioVersion = 16.0.30309.148
MinimumVisualStudioVersion = 10.0.40219.1
Project("{FAE04EC0-301F-11D3-BF4B-00C04F79EFBC}") = "menu", "menu.csproj", "{99C783BC-6022-4CDC-8E3A-9ADF2E219C83}"
EndProject
Global
	GlobalSection(SolutionConfigurationPlatforms) = preSolution
		Debug|Any CPU = Debug|Any CPU
		Release|Any CPU = Release|Any CPU
	EndGlobalSection
	GlobalSection(ProjectConfigurationPlatforms) = postSolution
		{99C783BC-6022-4CDC-8E3A-9ADF2E219C83}.Debug|Any CPU.ActiveCfg = Debug|Any CPU
		{99C783BC-6022-4CDC-8E3A-9ADF2E219C83}.Debug|Any CPU.Build.0 = Debug|Any CPU
		{99C783BC-6022-4CDC-8E3A-9ADF2E219C83}.Release|Any CPU.ActiveCfg = Release|Any CPU
		{99C783BC-6022-4CDC-8E3A-9ADF2E219C83}.Release|Any CPU.Build.0 = Release|Any CPU
	EndGlobalSection
	GlobalSection(SolutionProperties) = preSolution
		HideSolutionNode = FALSE
	EndGlobalSection
	GlobalSection(ExtensibilityGlobals) = postSolution
		SolutionGuid = {5DE65009-F90E-49EC-8823-1814D350B355}
	EndGlobalSection
EndGlobal
