
Microsoft Visual Studio Solution File, Format Version 12.00
# Visual Studio Version 16
VisualStudioVersion = 16.0.30309.148
MinimumVisualStudioVersion = 10.0.40219.1
Project("{FAE04EC0-301F-11D3-BF4B-00C04F79EFBC}") = "Bai1", "Bai1.csproj", "{86938465-F5D1-480D-9819-BA29D17B87A1}"
EndProject
Global
	GlobalSection(SolutionConfigurationPlatforms) = preSolution
		Debug|Any CPU = Debug|Any CPU
		Release|Any CPU = Release|Any CPU
	EndGlobalSection
	GlobalSection(ProjectConfigurationPlatforms) = postSolution
		{86938465-F5D1-480D-9819-BA29D17B87A1}.Debug|Any CPU.ActiveCfg = Debug|Any CPU
		{86938465-F5D1-480D-9819-BA29D17B87A1}.Debug|Any CPU.Build.0 = Debug|Any CPU
		{86938465-F5D1-480D-9819-BA29D17B87A1}.Release|Any CPU.ActiveCfg = Release|Any CPU
		{86938465-F5D1-480D-9819-BA29D17B87A1}.Release|Any CPU.Build.0 = Release|Any CPU
	EndGlobalSection
	GlobalSection(SolutionProperties) = preSolution
		HideSolutionNode = FALSE
	EndGlobalSection
	GlobalSection(ExtensibilityGlobals) = postSolution
		SolutionGuid = {296BC207-F607-4DAF-8152-1B2561727DB1}
	EndGlobalSection
EndGlobal
